{
    "version": 3,
    "terraform_version": "0.11.13",
    "serial": 4,
    "lineage": "f2ed3624-0806-f263-691e-8158b761b775",
    "modules": [
        {
            "path": [
                "root"
            ],
            "outputs": {
                "ipv4": {
                    "sensitive": false,
                    "type": "string",
                    "value": "116.203.121.102"
                }
            },
            "resources": {
                "hcloud_server.master_node": {
                    "type": "hcloud_server",
                    "depends_on": [
                        "hcloud_ssh_key.default"
                    ],
                    "primary": {
                        "id": "2252565",
                        "attributes": {
                            "backup_window": "",
                            "backups": "false",
                            "datacenter": "nbg1-dc3",
                            "id": "2252565",
                            "image": "ubuntu-18.04",
                            "ipv4_address": "116.203.121.102",
                            "ipv6_address": "2a01:4f8:c2c:378d::",
                            "ipv6_network": "2a01:4f8:c2c:378d::/64",
                            "keep_disk": "false",
                            "labels.%": "0",
                            "location": "nbg1",
                            "name": "master-rancher",
                            "server_type": "cx21",
                            "ssh_keys.#": "1",
                            "ssh_keys.0": "main ssh key",
                            "status": "running",
                            "user_data": "Xginp5blH57tWMREkR30lpgrwSA="
                        },
                        "meta": {},
                        "tainted": false
                    },
                    "deposed": [],
                    "provider": "provider.hcloud"
                },
                "hcloud_ssh_key.default": {
                    "type": "hcloud_ssh_key",
                    "depends_on": [],
                    "primary": {
                        "id": "550919",
                        "attributes": {
                            "fingerprint": "57:84:21:e5:1a:e0:a5:7f:8a:e8:4c:3c:3e:09:84:89",
                            "id": "550919",
                            "labels.%": "0",
                            "name": "main ssh key",
                            "public_key": "ssh-rsa AAAAB3NzaC1yc2EAAAADAQABAAABAQC/OazUnxX/zZ/lMT9XZI+6uBUmRh4NmmEYwZ0hSKMNpmkBYWI0XbPOgJVYv5zeZYuq52xKm7NMu7QBxGO8MTPDM3Avk37/EjwK7tF4aDROzOTIDcZhF8CrCso9xY+YstpHPRdJngQW4f8eHVXksM7g1e/nd1Pt7CjuZoxYrS88BzR4XfYu7pBtB3YeWlzoBwhYl3XTnw5cOu0J3xeDrQc1eWyh+N9fDMkC4YtKgWqkZSzhkMpQh0L9xCLTjvtOhCYnxK2nUP5mfASpUpLnJCiteKHOBv2JRlFHKlYMzAl+L5c8p5KlNWufUjM1SrDN4dWZib44oi6V4UmmTUMx8z5z rahulvramesh@hotmail.com\n"
                        },
                        "meta": {},
                        "tainted": false
                    },
                    "deposed": [],
                    "provider": "provider.hcloud"
                }
            },
            "depends_on": []
        }
    ]
}
